PODS:
  - JGProgressHUD (2.2)
  - SDWebImage (5.11.1):
    - SDWebImage/Core (= 5.11.1)
  - SDWebImage/Core (5.11.1)

DEPENDENCIES:
  - JGProgressHUD
  - SDWebImage

SPEC REPOS:
  trunk:
    - JGProgressHUD
    - SDWebImage

SPEC CHECKSUMS:
  JGProgressHUD: d83d7a981b85d11205e19ff8ad5bb9c40571c847
  SDWebImage: a7f831e1a65eb5e285e3fb046a23fcfbf08e696d

PODFILE CHECKSUM: 0a8c2114d5d73fd7fda1b7774960dd292ba66014

COCOAPODS: 1.10.1
