PODS:
  - SDWebImage (5.11.1):
    - SDWebImage/Core (= 5.11.1)
  - SDWebImage/Core (5.11.1)
  - SVProgressHUD (2.2.5)

DEPENDENCIES:
  - SDWebImage
  - SVProgressHUD

SPEC REPOS:
  trunk:
    - SDWebImage
    - SVProgressHUD

SPEC CHECKSUMS:
  SDWebImage: a7f831e1a65eb5e285e3fb046a23fcfbf08e696d
  SVProgressHUD: 1428aafac632c1f86f62aa4243ec12008d7a51d6

PODFILE CHECKSUM: 618e64c8711a5e23ccec2fb11e1f4b69510e2412

COCOAPODS: 1.10.1
